
Microsoft Visual Studio Solution File, Format Version 12.00
# Visual Studio 14
VisualStudioVersion = 14.0.22613.0
MinimumVisualStudioVersion = 10.0.40219.1
Project("{2150E333-8FDC-42A3-9474-1A3956D46DE8}") = "src", "src", "{FE8C2D20-34FD-40EE-986A-555CACA927DD}"
EndProject
Project("{2150E333-8FDC-42A3-9474-1A3956D46DE8}") = "Solution Items", "Solution Items", "{6D944D07-5462-4662-8712-8228040783A5}"
	ProjectSection(SolutionItems) = preProject
		global.json = global.json
		NuGet.Config = NuGet.Config
	EndProjectSection
EndProject
Project("{8BB2217D-0F2D-49D1-97BC-3654ED321F3B}") = "WebApplication1", "src\WebApplication1\WebApplication1.kproj", "{07D51D04-EB14-4EB8-9C60-A516D250BB79}"
EndProject
Global
	GlobalSection(SolutionConfigurationPlatforms) = preSolution
		Debug|Any CPU = Debug|Any CPU
		Release|Any CPU = Release|Any CPU
	EndGlobalSection
	GlobalSection(ProjectConfigurationPlatforms) = postSolution
		{07D51D04-EB14-4EB8-9C60-A516D250BB79}.Debug|Any CPU.ActiveCfg = Debug|Any CPU
		{07D51D04-EB14-4EB8-9C60-A516D250BB79}.Debug|Any CPU.Build.0 = Debug|Any CPU
		{07D51D04-EB14-4EB8-9C60-A516D250BB79}.Release|Any CPU.ActiveCfg = Release|Any CPU
		{07D51D04-EB14-4EB8-9C60-A516D250BB79}.Release|Any CPU.Build.0 = Release|Any CPU
	EndGlobalSection
	GlobalSection(SolutionProperties) = preSolution
		HideSolutionNode = FALSE
	EndGlobalSection
	GlobalSection(NestedProjects) = preSolution
		{07D51D04-EB14-4EB8-9C60-A516D250BB79} = {FE8C2D20-34FD-40EE-986A-555CACA927DD}
	EndGlobalSection
EndGlobal
